
Microsoft Visual Studio Solution File, Format Version 12.00
# Visual Studio 14
VisualStudioVersion = 14.0.24720.0
MinimumVisualStudioVersion = 10.0.40219.1
Project("{FAE04EC0-301F-11D3-BF4B-00C04F79EFBC}") = "CMACT.SAD.Presentacion.Web", "CMACT.SAD.Presentacion.Web\CMACT.SAD.Presentacion.Web.csproj", "{C02A09DE-5A36-43F6-98BB-1A6C9D0E7AD5}"
EndProject
Project("{FAE04EC0-301F-11D3-BF4B-00C04F79EFBC}") = "CMACT.SAD.Aplicacion.DTOs", "CMACT.SAD.Aplicacion.DTOs\CMACT.SAD.Aplicacion.DTOs.csproj", "{77C22D8D-C5B9-48EA-911B-FF43F533F950}"
EndProject
Project("{2150E333-8FDC-42A3-9474-1A3956D46DE8}") = "2.1 Presentacion", "2.1 Presentacion", "{4C249984-B5AA-4F13-80C5-D155D8815C5D}"
EndProject
Project("{2150E333-8FDC-42A3-9474-1A3956D46DE8}") = "2.3 Aplicacion", "2.3 Aplicacion", "{60536F41-1D8D-49B9-8447-772E775BF82F}"
EndProject
Project("{FAE04EC0-301F-11D3-BF4B-00C04F79EFBC}") = "CMACT.SAD.Aplicacion.Servicios", "CMACT.SAD.Aplicacion.Servicios\CMACT.SAD.Aplicacion.Servicios.csproj", "{AE551082-4985-48ED-AD45-21CA28A6BCCC}"
EndProject
Project("{2150E333-8FDC-42A3-9474-1A3956D46DE8}") = "2.2 Distribucion", "2.2 Distribucion", "{6548EB93-05B1-4EB7-8E97-5A7E5707838A}"
EndProject
Project("{2150E333-8FDC-42A3-9474-1A3956D46DE8}") = "2.4 Dominio", "2.4 Dominio", "{4EA87427-9624-42FD-AB8C-8FE0806FA7C4}"
EndProject
Project("{2150E333-8FDC-42A3-9474-1A3956D46DE8}") = "2.5 Infraestructura", "2.5 Infraestructura", "{00AB46FD-D5A4-47DA-92D7-BD033C08119E}"
EndProject
Project("{2150E333-8FDC-42A3-9474-1A3956D46DE8}") = "2.6 Sistemas Distribuidos", "2.6 Sistemas Distribuidos", "{38EEDC98-6CED-4518-9AF2-D69D1E2039BE}"
EndProject
Project("{2150E333-8FDC-42A3-9474-1A3956D46DE8}") = "2.0 Desarrollo", "2.0 Desarrollo", "{2E605F63-D0E5-46B0-99E3-9A0D0E245002}"
EndProject
Project("{2150E333-8FDC-42A3-9474-1A3956D46DE8}") = "1.0 Reportes", "1.0 Reportes", "{4A0C82ED-1C28-46DE-A309-F720F2E536CC}"
EndProject
Project("{FAE04EC0-301F-11D3-BF4B-00C04F79EFBC}") = "CMACT.SAD.Distribucion.WebApi", "CMACT.SAD.Distribucion.WebApi\CMACT.SAD.Distribucion.WebApi.csproj", "{17B35D85-A5D8-4869-87A6-641704849985}"
EndProject
Project("{FAE04EC0-301F-11D3-BF4B-00C04F79EFBC}") = "CMACT.SAD.Dominio.Logica", "CMACT.SAD.Dominio.Logica\CMACT.SAD.Dominio.Logica.csproj", "{9FF8E611-6E76-4D26-BD0B-EC4FF06BCA62}"
EndProject
Project("{FAE04EC0-301F-11D3-BF4B-00C04F79EFBC}") = "CMACT.SAD.Infraestructura.Datos", "CMACT.SAD.Infraestructura.Datos\CMACT.SAD.Infraestructura.Datos.csproj", "{981D3C4C-A54A-4460-A571-117854CB0BCF}"
EndProject
Project("{FAE04EC0-301F-11D3-BF4B-00C04F79EFBC}") = "CMACT.SAD.Dominio.Entidades", "CMACT.SAD.Dominio.Entidades\CMACT.SAD.Dominio.Entidades.csproj", "{C89F9452-E1E0-462C-8860-89828A12CB74}"
EndProject
Project("{F14B399A-7131-4C87-9E4B-1186C45EF12D}") = "CMACT.SAD.Reportes", "CMACT.SAD.Reportes\CMACT.SAD.Reportes.rptproj", "{6D3A0DAC-C70E-4AFA-A7F2-B37F72E5C1D8}"
EndProject
Global
	GlobalSection(SolutionConfigurationPlatforms) = preSolution
		Debug|Any CPU = Debug|Any CPU
		DebugLocal|Any CPU = DebugLocal|Any CPU
		Release|Any CPU = Release|Any CPU
	EndGlobalSection
	GlobalSection(ProjectConfigurationPlatforms) = postSolution
		{C02A09DE-5A36-43F6-98BB-1A6C9D0E7AD5}.Debug|Any CPU.ActiveCfg = Debug|Any CPU
		{C02A09DE-5A36-43F6-98BB-1A6C9D0E7AD5}.Debug|Any CPU.Build.0 = Debug|Any CPU
		{C02A09DE-5A36-43F6-98BB-1A6C9D0E7AD5}.DebugLocal|Any CPU.ActiveCfg = Debug|Any CPU
		{C02A09DE-5A36-43F6-98BB-1A6C9D0E7AD5}.DebugLocal|Any CPU.Build.0 = Debug|Any CPU
		{C02A09DE-5A36-43F6-98BB-1A6C9D0E7AD5}.Release|Any CPU.ActiveCfg = Release|Any CPU
		{C02A09DE-5A36-43F6-98BB-1A6C9D0E7AD5}.Release|Any CPU.Build.0 = Release|Any CPU
		{77C22D8D-C5B9-48EA-911B-FF43F533F950}.Debug|Any CPU.ActiveCfg = Debug|Any CPU
		{77C22D8D-C5B9-48EA-911B-FF43F533F950}.Debug|Any CPU.Build.0 = Debug|Any CPU
		{77C22D8D-C5B9-48EA-911B-FF43F533F950}.DebugLocal|Any CPU.ActiveCfg = Debug|Any CPU
		{77C22D8D-C5B9-48EA-911B-FF43F533F950}.DebugLocal|Any CPU.Build.0 = Debug|Any CPU
		{77C22D8D-C5B9-48EA-911B-FF43F533F950}.Release|Any CPU.ActiveCfg = Release|Any CPU
		{77C22D8D-C5B9-48EA-911B-FF43F533F950}.Release|Any CPU.Build.0 = Release|Any CPU
		{AE551082-4985-48ED-AD45-21CA28A6BCCC}.Debug|Any CPU.ActiveCfg = Debug|Any CPU
		{AE551082-4985-48ED-AD45-21CA28A6BCCC}.Debug|Any CPU.Build.0 = Debug|Any CPU
		{AE551082-4985-48ED-AD45-21CA28A6BCCC}.DebugLocal|Any CPU.ActiveCfg = Debug|Any CPU
		{AE551082-4985-48ED-AD45-21CA28A6BCCC}.DebugLocal|Any CPU.Build.0 = Debug|Any CPU
		{AE551082-4985-48ED-AD45-21CA28A6BCCC}.Release|Any CPU.ActiveCfg = Release|Any CPU
		{AE551082-4985-48ED-AD45-21CA28A6BCCC}.Release|Any CPU.Build.0 = Release|Any CPU
		{17B35D85-A5D8-4869-87A6-641704849985}.Debug|Any CPU.ActiveCfg = Debug|Any CPU
		{17B35D85-A5D8-4869-87A6-641704849985}.Debug|Any CPU.Build.0 = Debug|Any CPU
		{17B35D85-A5D8-4869-87A6-641704849985}.DebugLocal|Any CPU.ActiveCfg = Debug|Any CPU
		{17B35D85-A5D8-4869-87A6-641704849985}.DebugLocal|Any CPU.Build.0 = Debug|Any CPU
		{17B35D85-A5D8-4869-87A6-641704849985}.Release|Any CPU.ActiveCfg = Release|Any CPU
		{17B35D85-A5D8-4869-87A6-641704849985}.Release|Any CPU.Build.0 = Release|Any CPU
		{9FF8E611-6E76-4D26-BD0B-EC4FF06BCA62}.Debug|Any CPU.ActiveCfg = Debug|Any CPU
		{9FF8E611-6E76-4D26-BD0B-EC4FF06BCA62}.Debug|Any CPU.Build.0 = Debug|Any CPU
		{9FF8E611-6E76-4D26-BD0B-EC4FF06BCA62}.DebugLocal|Any CPU.ActiveCfg = Debug|Any CPU
		{9FF8E611-6E76-4D26-BD0B-EC4FF06BCA62}.DebugLocal|Any CPU.Build.0 = Debug|Any CPU
		{9FF8E611-6E76-4D26-BD0B-EC4FF06BCA62}.Release|Any CPU.ActiveCfg = Release|Any CPU
		{9FF8E611-6E76-4D26-BD0B-EC4FF06BCA62}.Release|Any CPU.Build.0 = Release|Any CPU
		{981D3C4C-A54A-4460-A571-117854CB0BCF}.Debug|Any CPU.ActiveCfg = Debug|Any CPU
		{981D3C4C-A54A-4460-A571-117854CB0BCF}.Debug|Any CPU.Build.0 = Debug|Any CPU
		{981D3C4C-A54A-4460-A571-117854CB0BCF}.DebugLocal|Any CPU.ActiveCfg = Debug|Any CPU
		{981D3C4C-A54A-4460-A571-117854CB0BCF}.DebugLocal|Any CPU.Build.0 = Debug|Any CPU
		{981D3C4C-A54A-4460-A571-117854CB0BCF}.Release|Any CPU.ActiveCfg = Release|Any CPU
		{981D3C4C-A54A-4460-A571-117854CB0BCF}.Release|Any CPU.Build.0 = Release|Any CPU
		{C89F9452-E1E0-462C-8860-89828A12CB74}.Debug|Any CPU.ActiveCfg = Debug|Any CPU
		{C89F9452-E1E0-462C-8860-89828A12CB74}.Debug|Any CPU.Build.0 = Debug|Any CPU
		{C89F9452-E1E0-462C-8860-89828A12CB74}.DebugLocal|Any CPU.ActiveCfg = Debug|Any CPU
		{C89F9452-E1E0-462C-8860-89828A12CB74}.DebugLocal|Any CPU.Build.0 = Debug|Any CPU
		{C89F9452-E1E0-462C-8860-89828A12CB74}.Release|Any CPU.ActiveCfg = Release|Any CPU
		{C89F9452-E1E0-462C-8860-89828A12CB74}.Release|Any CPU.Build.0 = Release|Any CPU
		{6D3A0DAC-C70E-4AFA-A7F2-B37F72E5C1D8}.Debug|Any CPU.ActiveCfg = Debug
		{6D3A0DAC-C70E-4AFA-A7F2-B37F72E5C1D8}.Debug|Any CPU.Build.0 = Debug
		{6D3A0DAC-C70E-4AFA-A7F2-B37F72E5C1D8}.Debug|Any CPU.Deploy.0 = Debug
		{6D3A0DAC-C70E-4AFA-A7F2-B37F72E5C1D8}.DebugLocal|Any CPU.ActiveCfg = DebugLocal
		{6D3A0DAC-C70E-4AFA-A7F2-B37F72E5C1D8}.DebugLocal|Any CPU.Build.0 = DebugLocal
		{6D3A0DAC-C70E-4AFA-A7F2-B37F72E5C1D8}.Release|Any CPU.ActiveCfg = Release
		{6D3A0DAC-C70E-4AFA-A7F2-B37F72E5C1D8}.Release|Any CPU.Build.0 = Release
		{6D3A0DAC-C70E-4AFA-A7F2-B37F72E5C1D8}.Release|Any CPU.Deploy.0 = Release
	EndGlobalSection
	GlobalSection(SolutionProperties) = preSolution
		HideSolutionNode = FALSE
	EndGlobalSection
	GlobalSection(NestedProjects) = preSolution
		{C02A09DE-5A36-43F6-98BB-1A6C9D0E7AD5} = {4C249984-B5AA-4F13-80C5-D155D8815C5D}
		{77C22D8D-C5B9-48EA-911B-FF43F533F950} = {60536F41-1D8D-49B9-8447-772E775BF82F}
		{4C249984-B5AA-4F13-80C5-D155D8815C5D} = {2E605F63-D0E5-46B0-99E3-9A0D0E245002}
		{60536F41-1D8D-49B9-8447-772E775BF82F} = {2E605F63-D0E5-46B0-99E3-9A0D0E245002}
		{AE551082-4985-48ED-AD45-21CA28A6BCCC} = {60536F41-1D8D-49B9-8447-772E775BF82F}
		{6548EB93-05B1-4EB7-8E97-5A7E5707838A} = {2E605F63-D0E5-46B0-99E3-9A0D0E245002}
		{4EA87427-9624-42FD-AB8C-8FE0806FA7C4} = {2E605F63-D0E5-46B0-99E3-9A0D0E245002}
		{00AB46FD-D5A4-47DA-92D7-BD033C08119E} = {2E605F63-D0E5-46B0-99E3-9A0D0E245002}
		{38EEDC98-6CED-4518-9AF2-D69D1E2039BE} = {2E605F63-D0E5-46B0-99E3-9A0D0E245002}
		{17B35D85-A5D8-4869-87A6-641704849985} = {6548EB93-05B1-4EB7-8E97-5A7E5707838A}
		{9FF8E611-6E76-4D26-BD0B-EC4FF06BCA62} = {4EA87427-9624-42FD-AB8C-8FE0806FA7C4}
		{981D3C4C-A54A-4460-A571-117854CB0BCF} = {00AB46FD-D5A4-47DA-92D7-BD033C08119E}
		{C89F9452-E1E0-462C-8860-89828A12CB74} = {4EA87427-9624-42FD-AB8C-8FE0806FA7C4}
		{6D3A0DAC-C70E-4AFA-A7F2-B37F72E5C1D8} = {4A0C82ED-1C28-46DE-A309-F720F2E536CC}
	EndGlobalSection
EndGlobal
